
Microsoft Visual Studio Solution File, Format Version 12.00
# Visual Studio 15
VisualStudioVersion = 15.0.27703.2000
MinimumVisualStudioVersion = 10.0.40219.1
Project("{FAE04EC0-301F-11D3-BF4B-00C04F79EFBC}") = "BLL", "BLL\BLL.csproj", "{734C53C5-88D3-4F91-B5C1-AE5391A59854}"
EndProject
Project("{FAE04EC0-301F-11D3-BF4B-00C04F79EFBC}") = "DAL", "DAL\DAL.csproj", "{288516D1-A3E1-454F-A7DA-AE8E55708766}"
EndProject
Project("{00D1A9C2-B5F0-4AF3-8072-F6C62B433612}") = "Source", "Source\Source.sqlproj", "{D89212EC-388C-43DB-A3D1-E1866DE415F0}"
EndProject
Project("{FAE04EC0-301F-11D3-BF4B-00C04F79EFBC}") = "Tests", "Tests\Tests.csproj", "{630F8DA5-276B-4106-A8B5-3DAFC61E85E0}"
EndProject
Project("{FAE04EC0-301F-11D3-BF4B-00C04F79EFBC}") = "Models", "Models\Models.csproj", "{C77B1BF3-9007-455A-BB99-3C1AA5505E6F}"
EndProject
Project("{FAE04EC0-301F-11D3-BF4B-00C04F79EFBC}") = "GnsEntities", "GnsEntities\GnsEntities.csproj", "{6AC02D87-D9F9-421D-8768-368B52318F78}"
EndProject
Project("{FAE04EC0-301F-11D3-BF4B-00C04F79EFBC}") = "MVC", "MVC\MVC.csproj", "{18506D1C-A455-46C5-8144-7FE233E70F51}"
EndProject
Global
	GlobalSection(SolutionConfigurationPlatforms) = preSolution
		Debug|Any CPU = Debug|Any CPU
		Release|Any CPU = Release|Any CPU
	EndGlobalSection
	GlobalSection(ProjectConfigurationPlatforms) = postSolution
		{734C53C5-88D3-4F91-B5C1-AE5391A59854}.Debug|Any CPU.ActiveCfg = Debug|Any CPU
		{734C53C5-88D3-4F91-B5C1-AE5391A59854}.Debug|Any CPU.Build.0 = Debug|Any CPU
		{734C53C5-88D3-4F91-B5C1-AE5391A59854}.Release|Any CPU.ActiveCfg = Release|Any CPU
		{734C53C5-88D3-4F91-B5C1-AE5391A59854}.Release|Any CPU.Build.0 = Release|Any CPU
		{288516D1-A3E1-454F-A7DA-AE8E55708766}.Debug|Any CPU.ActiveCfg = Debug|Any CPU
		{288516D1-A3E1-454F-A7DA-AE8E55708766}.Debug|Any CPU.Build.0 = Debug|Any CPU
		{288516D1-A3E1-454F-A7DA-AE8E55708766}.Release|Any CPU.ActiveCfg = Release|Any CPU
		{288516D1-A3E1-454F-A7DA-AE8E55708766}.Release|Any CPU.Build.0 = Release|Any CPU
		{D89212EC-388C-43DB-A3D1-E1866DE415F0}.Debug|Any CPU.ActiveCfg = Debug|Any CPU
		{D89212EC-388C-43DB-A3D1-E1866DE415F0}.Debug|Any CPU.Build.0 = Debug|Any CPU
		{D89212EC-388C-43DB-A3D1-E1866DE415F0}.Debug|Any CPU.Deploy.0 = Debug|Any CPU
		{D89212EC-388C-43DB-A3D1-E1866DE415F0}.Release|Any CPU.ActiveCfg = Release|Any CPU
		{D89212EC-388C-43DB-A3D1-E1866DE415F0}.Release|Any CPU.Build.0 = Release|Any CPU
		{D89212EC-388C-43DB-A3D1-E1866DE415F0}.Release|Any CPU.Deploy.0 = Release|Any CPU
		{630F8DA5-276B-4106-A8B5-3DAFC61E85E0}.Debug|Any CPU.ActiveCfg = Debug|Any CPU
		{630F8DA5-276B-4106-A8B5-3DAFC61E85E0}.Debug|Any CPU.Build.0 = Debug|Any CPU
		{630F8DA5-276B-4106-A8B5-3DAFC61E85E0}.Release|Any CPU.ActiveCfg = Release|Any CPU
		{630F8DA5-276B-4106-A8B5-3DAFC61E85E0}.Release|Any CPU.Build.0 = Release|Any CPU
		{C77B1BF3-9007-455A-BB99-3C1AA5505E6F}.Debug|Any CPU.ActiveCfg = Debug|Any CPU
		{C77B1BF3-9007-455A-BB99-3C1AA5505E6F}.Debug|Any CPU.Build.0 = Debug|Any CPU
		{C77B1BF3-9007-455A-BB99-3C1AA5505E6F}.Release|Any CPU.ActiveCfg = Release|Any CPU
		{C77B1BF3-9007-455A-BB99-3C1AA5505E6F}.Release|Any CPU.Build.0 = Release|Any CPU
		{6AC02D87-D9F9-421D-8768-368B52318F78}.Debug|Any CPU.ActiveCfg = Debug|Any CPU
		{6AC02D87-D9F9-421D-8768-368B52318F78}.Debug|Any CPU.Build.0 = Debug|Any CPU
		{6AC02D87-D9F9-421D-8768-368B52318F78}.Release|Any CPU.ActiveCfg = Release|Any CPU
		{6AC02D87-D9F9-421D-8768-368B52318F78}.Release|Any CPU.Build.0 = Release|Any CPU
		{18506D1C-A455-46C5-8144-7FE233E70F51}.Debug|Any CPU.ActiveCfg = Debug|Any CPU
		{18506D1C-A455-46C5-8144-7FE233E70F51}.Debug|Any CPU.Build.0 = Debug|Any CPU
		{18506D1C-A455-46C5-8144-7FE233E70F51}.Release|Any CPU.ActiveCfg = Release|Any CPU
		{18506D1C-A455-46C5-8144-7FE233E70F51}.Release|Any CPU.Build.0 = Release|Any CPU
	EndGlobalSection
	GlobalSection(SolutionProperties) = preSolution
		HideSolutionNode = FALSE
	EndGlobalSection
	GlobalSection(ExtensibilityGlobals) = postSolution
		SolutionGuid = {26F0DBF7-4CB7-4BE9-B399-3A7FDA2D48EA}
	EndGlobalSection
EndGlobal
